// !$*UTF8*$!
{
	archiveVersion = 1;
	classes = {
	};
	objectVersion = 55;
	objects = {

/* Begin PBXBuildFile section */
		3EB22EF70DC6D5A69C106E1C /* Pods_BookShelf.framework in Frameworks */ = {isa = PBXBuildFile; fileRef = 72FB71187F4E56358D96ADE2 /* Pods_BookShelf.framework */; };
		6D4BB432276DE1C200534E6D /* HomeViewController.swift in Sources */ = {isa = PBXBuildFile; fileRef = 6D4BB431276DE1C200534E6D /* HomeViewController.swift */; };
		6D4BB434276DF9AF00534E6D /* IslmicBooksCell.swift in Sources */ = {isa = PBXBuildFile; fileRef = 6D4BB433276DF9AF00534E6D /* IslmicBooksCell.swift */; };
		6D4BB436276DF9F400534E6D /* ChildrensBooksCell.swift in Sources */ = {isa = PBXBuildFile; fileRef = 6D4BB435276DF9F400534E6D /* ChildrensBooksCell.swift */; };
		6D4BB438276DFA1600534E6D /* CookBooksCell.swift in Sources */ = {isa = PBXBuildFile; fileRef = 6D4BB437276DFA1600534E6D /* CookBooksCell.swift */; };
		6D4BB43A276DFA5700534E6D /* PoliticalBooksCell.swift in Sources */ = {isa = PBXBuildFile; fileRef = 6D4BB439276DFA5600534E6D /* PoliticalBooksCell.swift */; };
		6D4BB43C276DFE8400534E6D /* IslmicTabelVC.swift in Sources */ = {isa = PBXBuildFile; fileRef = 6D4BB43B276DFE8400534E6D /* IslmicTabelVC.swift */; };
		6D4BB43E276DFEB300534E6D /* ChildernTabelVC.swift in Sources */ = {isa = PBXBuildFile; fileRef = 6D4BB43D276DFEB300534E6D /* ChildernTabelVC.swift */; };
		6D4BB440276DFED700534E6D /* CookTabelViewController.swift in Sources */ = {isa = PBXBuildFile; fileRef = 6D4BB43F276DFED700534E6D /* CookTabelViewController.swift */; };
		6D4BB442276DFEF500534E6D /* PolitcalTabelViewController.swift in Sources */ = {isa = PBXBuildFile; fileRef = 6D4BB441276DFEF500534E6D /* PolitcalTabelViewController.swift */; };
		6D4BB448276DFFE600534E6D /* PublicBookCell.swift in Sources */ = {isa = PBXBuildFile; fileRef = 6D4BB447276DFFE600534E6D /* PublicBookCell.swift */; };
		6D4BB44A276E013F00534E6D /* PublicTabelVC.swift in Sources */ = {isa = PBXBuildFile; fileRef = 6D4BB449276E013F00534E6D /* PublicTabelVC.swift */; };
		6D7A3508276914BD001521BC /* BookTabelViewController.swift in Sources */ = {isa = PBXBuildFile; fileRef = 6D7A3507276914BC001521BC /* BookTabelViewController.swift */; };
		6D7A350A2769159C001521BC /* UpdateViewController.swift in Sources */ = {isa = PBXBuildFile; fileRef = 6D7A35092769159C001521BC /* UpdateViewController.swift */; };
		6D7A350C27691606001521BC /* BookCell.swift in Sources */ = {isa = PBXBuildFile; fileRef = 6D7A350B27691606001521BC /* BookCell.swift */; };
		6D7A350E276916EC001521BC /* Book.swift in Sources */ = {isa = PBXBuildFile; fileRef = 6D7A350D276916EC001521BC /* Book.swift */; };
		6D7B52E0276642A3000AF939 /* AppDelegate.swift in Sources */ = {isa = PBXBuildFile; fileRef = 6D7B52DF276642A3000AF939 /* AppDelegate.swift */; };
		6D7B52E2276642A3000AF939 /* SceneDelegate.swift in Sources */ = {isa = PBXBuildFile; fileRef = 6D7B52E1276642A3000AF939 /* SceneDelegate.swift */; };
		6D7B52E7276642A3000AF939 /* Main.storyboard in Resources */ = {isa = PBXBuildFile; fileRef = 6D7B52E5276642A3000AF939 /* Main.storyboard */; };
		6D7B52EA276642A3000AF939 /* BookShelf.xcdatamodeld in Sources */ = {isa = PBXBuildFile; fileRef = 6D7B52E8276642A3000AF939 /* BookShelf.xcdatamodeld */; };
		6D7B52EC276642AD000AF939 /* Assets.xcassets in Resources */ = {isa = PBXBuildFile; fileRef = 6D7B52EB276642AD000AF939 /* Assets.xcassets */; };
		6D7B52EF276642AD000AF939 /* LaunchScreen.storyboard in Resources */ = {isa = PBXBuildFile; fileRef = 6D7B52ED276642AD000AF939 /* LaunchScreen.storyboard */; };
		6D7B530327665FB9000AF939 /* ImagePicker.swift in Sources */ = {isa = PBXBuildFile; fileRef = 6D7B530227665FB9000AF939 /* ImagePicker.swift */; };
		6D7B5305276662D4000AF939 /* LoginViewController.swift in Sources */ = {isa = PBXBuildFile; fileRef = 6D7B5304276662D3000AF939 /* LoginViewController.swift */; };
		6D7B5307276662F2000AF939 /* SignUpViewController.swift in Sources */ = {isa = PBXBuildFile; fileRef = 6D7B5306276662F2000AF939 /* SignUpViewController.swift */; };
		6D7B53092766715A000AF939 /* GoogleService-Info.plist in Resources */ = {isa = PBXBuildFile; fileRef = 6D7B53082766715A000AF939 /* GoogleService-Info.plist */; };
		6D7B530B27668322000AF939 /* User.swift in Sources */ = {isa = PBXBuildFile; fileRef = 6D7B530A27668322000AF939 /* User.swift */; };
		6D830C472767C0A80098C828 /* ProfileViewController.swift in Sources */ = {isa = PBXBuildFile; fileRef = 6D830C462767C0A80098C828 /* ProfileViewController.swift */; };
		6D830C492767CABF0098C828 /* AddBookViewController.swift in Sources */ = {isa = PBXBuildFile; fileRef = 6D830C482767CABE0098C828 /* AddBookViewController.swift */; };
		6DA1B4BD276E16FD00F8936F /* BasketCell.swift in Sources */ = {isa = PBXBuildFile; fileRef = 6DA1B4BC276E16FD00F8936F /* BasketCell.swift */; };
		6DA1B4BF276E174100F8936F /* BasketTabelVC.swift in Sources */ = {isa = PBXBuildFile; fileRef = 6DA1B4BE276E174100F8936F /* BasketTabelVC.swift */; };
		6DA1B4C1276E197800F8936F /* BookDetails.swift in Sources */ = {isa = PBXBuildFile; fileRef = 6DA1B4C0276E197800F8936F /* BookDetails.swift */; };
		6DA1B4C3276E19AF00F8936F /* CommentCell.swift in Sources */ = {isa = PBXBuildFile; fileRef = 6DA1B4C2276E19AF00F8936F /* CommentCell.swift */; };
		6DA1B4C5276E568400F8936F /* Basket.swift in Sources */ = {isa = PBXBuildFile; fileRef = 6DA1B4C4276E568400F8936F /* Basket.swift */; };
		6DA1B4C7276E62B800F8936F /* Comment.swift in Sources */ = {isa = PBXBuildFile; fileRef = 6DA1B4C6276E62B800F8936F /* Comment.swift */; };
/* End PBXBuildFile section */

/* Begin PBXFileReference section */
		50F497B80592EA02D73C2EBC /* Pods-BookShelf.release.xcconfig */ = {isa = PBXFileReference; includeInIndex = 1; lastKnownFileType = text.xcconfig; name = "Pods-BookShelf.release.xcconfig"; path = "Target Support Files/Pods-BookShelf/Pods-BookShelf.release.xcconfig"; sourceTree = "<group>"; };
		6D4BB431276DE1C200534E6D /* HomeViewController.swift */ = {isa = PBXFileReference; lastKnownFileType = sourcecode.swift; path = HomeViewController.swift; sourceTree = "<group>"; };
		6D4BB433276DF9AF00534E6D /* IslmicBooksCell.swift */ = {isa = PBXFileReference; lastKnownFileType = sourcecode.swift; path = IslmicBooksCell.swift; sourceTree = "<group>"; };
		6D4BB435276DF9F400534E6D /* ChildrensBooksCell.swift */ = {isa = PBXFileReference; lastKnownFileType = sourcecode.swift; path = ChildrensBooksCell.swift; sourceTree = "<group>"; };
		6D4BB437276DFA1600534E6D /* CookBooksCell.swift */ = {isa = PBXFileReference; lastKnownFileType = sourcecode.swift; path = CookBooksCell.swift; sourceTree = "<group>"; };
		6D4BB439276DFA5600534E6D /* PoliticalBooksCell.swift */ = {isa = PBXFileReference; lastKnownFileType = sourcecode.swift; path = PoliticalBooksCell.swift; sourceTree = "<group>"; };
		6D4BB43B276DFE8400534E6D /* IslmicTabelVC.swift */ = {isa = PBXFileReference; lastKnownFileType = sourcecode.swift; path = IslmicTabelVC.swift; sourceTree = "<group>"; };
		6D4BB43D276DFEB300534E6D /* ChildernTabelVC.swift */ = {isa = PBXFileReference; lastKnownFileType = sourcecode.swift; path = ChildernTabelVC.swift; sourceTree = "<group>"; };
		6D4BB43F276DFED700534E6D /* CookTabelViewController.swift */ = {isa = PBXFileReference; lastKnownFileType = sourcecode.swift; path = CookTabelViewController.swift; sourceTree = "<group>"; };
		6D4BB441276DFEF500534E6D /* PolitcalTabelViewController.swift */ = {isa = PBXFileReference; lastKnownFileType = sourcecode.swift; path = PolitcalTabelViewController.swift; sourceTree = "<group>"; };
		6D4BB447276DFFE600534E6D /* PublicBookCell.swift */ = {isa = PBXFileReference; lastKnownFileType = sourcecode.swift; path = PublicBookCell.swift; sourceTree = "<group>"; };
		6D4BB449276E013F00534E6D /* PublicTabelVC.swift */ = {isa = PBXFileReference; lastKnownFileType = sourcecode.swift; path = PublicTabelVC.swift; sourceTree = "<group>"; };
		6D7A3507276914BC001521BC /* BookTabelViewController.swift */ = {isa = PBXFileReference; lastKnownFileType = sourcecode.swift; path = BookTabelViewController.swift; sourceTree = "<group>"; };
		6D7A35092769159C001521BC /* UpdateViewController.swift */ = {isa = PBXFileReference; lastKnownFileType = sourcecode.swift; path = UpdateViewController.swift; sourceTree = "<group>"; };
		6D7A350B27691606001521BC /* BookCell.swift */ = {isa = PBXFileReference; lastKnownFileType = sourcecode.swift; path = BookCell.swift; sourceTree = "<group>"; };
		6D7A350D276916EC001521BC /* Book.swift */ = {isa = PBXFileReference; lastKnownFileType = sourcecode.swift; path = Book.swift; sourceTree = "<group>"; };
		6D7B52DC276642A3000AF939 /* BookShelf.app */ = {isa = PBXFileReference; explicitFileType = wrapper.application; includeInIndex = 0; path = BookShelf.app; sourceTree = BUILT_PRODUCTS_DIR; };
		6D7B52DF276642A3000AF939 /* AppDelegate.swift */ = {isa = PBXFileReference; lastKnownFileType = sourcecode.swift; path = AppDelegate.swift; sourceTree = "<group>"; };
		6D7B52E1276642A3000AF939 /* SceneDelegate.swift */ = {isa = PBXFileReference; lastKnownFileType = sourcecode.swift; path = SceneDelegate.swift; sourceTree = "<group>"; };
		6D7B52E6276642A3000AF939 /* Base */ = {isa = PBXFileReference; lastKnownFileType = file.storyboard; name = Base; path = Base.lproj/Main.storyboard; sourceTree = "<group>"; };
		6D7B52E9276642A3000AF939 /* BookShelf.xcdatamodel */ = {isa = PBXFileReference; lastKnownFileType = wrapper.xcdatamodel; path = BookShelf.xcdatamodel; sourceTree = "<group>"; };
		6D7B52EB276642AD000AF939 /* Assets.xcassets */ = {isa = PBXFileReference; lastKnownFileType = folder.assetcatalog; path = Assets.xcassets; sourceTree = "<group>"; };
		6D7B52EE276642AD000AF939 /* Base */ = {isa = PBXFileReference; lastKnownFileType = file.storyboard; name = Base; path = Base.lproj/LaunchScreen.storyboard; sourceTree = "<group>"; };
		6D7B52F0276642AD000AF939 /* Info.plist */ = {isa = PBXFileReference; lastKnownFileType = text.plist.xml; path = Info.plist; sourceTree = "<group>"; };
		6D7B530227665FB9000AF939 /* ImagePicker.swift */ = {isa = PBXFileReference; lastKnownFileType = sourcecode.swift; path = ImagePicker.swift; sourceTree = "<group>"; };
		6D7B5304276662D3000AF939 /* LoginViewController.swift */ = {isa = PBXFileReference; lastKnownFileType = sourcecode.swift; path = LoginViewController.swift; sourceTree = "<group>"; };
		6D7B5306276662F2000AF939 /* SignUpViewController.swift */ = {isa = PBXFileReference; lastKnownFileType = sourcecode.swift; path = SignUpViewController.swift; sourceTree = "<group>"; };
		6D7B53082766715A000AF939 /* GoogleService-Info.plist */ = {isa = PBXFileReference; fileEncoding = 4; lastKnownFileType = text.plist.xml; path = "GoogleService-Info.plist"; sourceTree = "<group>"; };
		6D7B530A27668322000AF939 /* User.swift */ = {isa = PBXFileReference; lastKnownFileType = sourcecode.swift; path = User.swift; sourceTree = "<group>"; };
		6D830C462767C0A80098C828 /* ProfileViewController.swift */ = {isa = PBXFileReference; lastKnownFileType = sourcecode.swift; path = ProfileViewController.swift; sourceTree = "<group>"; };
		6D830C482767CABE0098C828 /* AddBookViewController.swift */ = {isa = PBXFileReference; lastKnownFileType = sourcecode.swift; path = AddBookViewController.swift; sourceTree = "<group>"; };
		6DA1B4BC276E16FD00F8936F /* BasketCell.swift */ = {isa = PBXFileReference; lastKnownFileType = sourcecode.swift; path = BasketCell.swift; sourceTree = "<group>"; };
		6DA1B4BE276E174100F8936F /* BasketTabelVC.swift */ = {isa = PBXFileReference; lastKnownFileType = sourcecode.swift; path = BasketTabelVC.swift; sourceTree = "<group>"; };
		6DA1B4C0276E197800F8936F /* BookDetails.swift */ = {isa = PBXFileReference; lastKnownFileType = sourcecode.swift; path = BookDetails.swift; sourceTree = "<group>"; };
		6DA1B4C2276E19AF00F8936F /* CommentCell.swift */ = {isa = PBXFileReference; lastKnownFileType = sourcecode.swift; path = CommentCell.swift; sourceTree = "<group>"; };
		6DA1B4C4276E568400F8936F /* Basket.swift */ = {isa = PBXFileReference; lastKnownFileType = sourcecode.swift; path = Basket.swift; sourceTree = "<group>"; };
		6DA1B4C6276E62B800F8936F /* Comment.swift */ = {isa = PBXFileReference; lastKnownFileType = sourcecode.swift; path = Comment.swift; sourceTree = "<group>"; };
		72FB71187F4E56358D96ADE2 /* Pods_BookShelf.framework */ = {isa = PBXFileReference; explicitFileType = wrapper.framework; includeInIndex = 0; path = Pods_BookShelf.framework; sourceTree = BUILT_PRODUCTS_DIR; };
		9A4CD8C0E229C19708F91755 /* Pods-BookShelf.debug.xcconfig */ = {isa = PBXFileReference; includeInIndex = 1; lastKnownFileType = text.xcconfig; name = "Pods-BookShelf.debug.xcconfig"; path = "Target Support Files/Pods-BookShelf/Pods-BookShelf.debug.xcconfig"; sourceTree = "<group>"; };
/* End PBXFileReference section */

/* Begin PBXFrameworksBuildPhase section */
		6D7B52D9276642A3000AF939 /* Frameworks */ = {
			isa = PBXFrameworksBuildPhase;
			buildActionMask = 2147483647;
			files = (
				3EB22EF70DC6D5A69C106E1C /* Pods_BookShelf.framework in Frameworks */,
			);
			runOnlyForDeploymentPostprocessing = 0;
		};
/* End PBXFrameworksBuildPhase section */

/* Begin PBXGroup section */
		40975174664FC51A81888774 /* Frameworks */ = {
			isa = PBXGroup;
			children = (
				72FB71187F4E56358D96ADE2 /* Pods_BookShelf.framework */,
			);
			name = Frameworks;
			sourceTree = "<group>";
		};
		6D4BB443276DFF0200534E6D /* Home */ = {
			isa = PBXGroup;
			children = (
				6D4BB431276DE1C200534E6D /* HomeViewController.swift */,
				6D4BB43B276DFE8400534E6D /* IslmicTabelVC.swift */,
				6D4BB43D276DFEB300534E6D /* ChildernTabelVC.swift */,
				6D4BB43F276DFED700534E6D /* CookTabelViewController.swift */,
				6D4BB441276DFEF500534E6D /* PolitcalTabelViewController.swift */,
				6D4BB449276E013F00534E6D /* PublicTabelVC.swift */,
				6DA1B4BE276E174100F8936F /* BasketTabelVC.swift */,
				6DA1B4C0276E197800F8936F /* BookDetails.swift */,
			);
			path = Home;
			sourceTree = "<group>";
		};
		6D4BB444276DFF1100534E6D /* Auth */ = {
			isa = PBXGroup;
			children = (
				6D7B5304276662D3000AF939 /* LoginViewController.swift */,
				6D7B5306276662F2000AF939 /* SignUpViewController.swift */,
			);
			path = Auth;
			sourceTree = "<group>";
		};
		6D4BB445276DFF1B00534E6D /* Main */ = {
			isa = PBXGroup;
			children = (
				6D830C462767C0A80098C828 /* ProfileViewController.swift */,
				6D830C482767CABE0098C828 /* AddBookViewController.swift */,
				6D7A3507276914BC001521BC /* BookTabelViewController.swift */,
				6D7A35092769159C001521BC /* UpdateViewController.swift */,
			);
			path = Main;
			sourceTree = "<group>";
		};
		6D4BB446276DFF2400534E6D /* Delegate */ = {
			isa = PBXGroup;
			children = (
				6D7B52DF276642A3000AF939 /* AppDelegate.swift */,
				6D7B52E1276642A3000AF939 /* SceneDelegate.swift */,
			);
			path = Delegate;
			sourceTree = "<group>";
		};
		6D7A350627691421001521BC /* Cell */ = {
			isa = PBXGroup;
			children = (
				6D7A350B27691606001521BC /* BookCell.swift */,
				6D4BB433276DF9AF00534E6D /* IslmicBooksCell.swift */,
				6D4BB435276DF9F400534E6D /* ChildrensBooksCell.swift */,
				6D4BB437276DFA1600534E6D /* CookBooksCell.swift */,
				6D4BB439276DFA5600534E6D /* PoliticalBooksCell.swift */,
				6D4BB447276DFFE600534E6D /* PublicBookCell.swift */,
				6DA1B4BC276E16FD00F8936F /* BasketCell.swift */,
				6DA1B4C2276E19AF00F8936F /* CommentCell.swift */,
			);
			path = Cell;
			sourceTree = "<group>";
		};
		6D7B52D3276642A3000AF939 = {
			isa = PBXGroup;
			children = (
				6D7B52DE276642A3000AF939 /* BookShelf */,
				6D7B52DD276642A3000AF939 /* Products */,
				D3901BCEAF6E84C4A72507B2 /* Pods */,
				40975174664FC51A81888774 /* Frameworks */,
			);
			sourceTree = "<group>";
		};
		6D7B52DD276642A3000AF939 /* Products */ = {
			isa = PBXGroup;
			children = (
				6D7B52DC276642A3000AF939 /* BookShelf.app */,
			);
			name = Products;
			sourceTree = "<group>";
		};
		6D7B52DE276642A3000AF939 /* BookShelf */ = {
			isa = PBXGroup;
			children = (
				6D7B52F727665027000AF939 /* Model */,
				6D7B52F927665CC0000AF939 /* Components */,
				6D7B52F62766500B000AF939 /* View */,
				6D7B52F827665040000AF939 /* Controller */,
				6D7B52EB276642AD000AF939 /* Assets.xcassets */,
				6D7B52F0276642AD000AF939 /* Info.plist */,
				6D7B53082766715A000AF939 /* GoogleService-Info.plist */,
				6D7B52E8276642A3000AF939 /* BookShelf.xcdatamodeld */,
			);
			path = BookShelf;
			sourceTree = "<group>";
		};
		6D7B52F62766500B000AF939 /* View */ = {
			isa = PBXGroup;
			children = (
				6D7B52E5276642A3000AF939 /* Main.storyboard */,
				6D7B52ED276642AD000AF939 /* LaunchScreen.storyboard */,
			);
			path = View;
			sourceTree = "<group>";
		};
		6D7B52F727665027000AF939 /* Model */ = {
			isa = PBXGroup;
			children = (
				6D7B530A27668322000AF939 /* User.swift */,
				6D7A350D276916EC001521BC /* Book.swift */,
				6DA1B4C4276E568400F8936F /* Basket.swift */,
				6DA1B4C6276E62B800F8936F /* Comment.swift */,
			);
			path = Model;
			sourceTree = "<group>";
		};
		6D7B52F827665040000AF939 /* Controller */ = {
			isa = PBXGroup;
			children = (
				6D4BB446276DFF2400534E6D /* Delegate */,
				6D4BB445276DFF1B00534E6D /* Main */,
				6D4BB444276DFF1100534E6D /* Auth */,
				6D4BB443276DFF0200534E6D /* Home */,
				6D7A350627691421001521BC /* Cell */,
			);
			path = Controller;
			sourceTree = "<group>";
		};
		6D7B52F927665CC0000AF939 /* Components */ = {
			isa = PBXGroup;
			children = (
				6D7B530227665FB9000AF939 /* ImagePicker.swift */,
			);
			path = Components;
			sourceTree = "<group>";
		};
		D3901BCEAF6E84C4A72507B2 /* Pods */ = {
			isa = PBXGroup;
			children = (
				9A4CD8C0E229C19708F91755 /* Pods-BookShelf.debug.xcconfig */,
				50F497B80592EA02D73C2EBC /* Pods-BookShelf.release.xcconfig */,
			);
			path = Pods;
			sourceTree = "<group>";
		};
/* End PBXGroup section */

/* Begin PBXNativeTarget section */
		6D7B52DB276642A3000AF939 /* BookShelf */ = {
			isa = PBXNativeTarget;
			buildConfigurationList = 6D7B52F3276642AD000AF939 /* Build configuration list for PBXNativeTarget "BookShelf" */;
			buildPhases = (
				A8A0BDCABB9A6BD99E3657FD /* [CP] Check Pods Manifest.lock */,
				6D7B52D8276642A3000AF939 /* Sources */,
				6D7B52D9276642A3000AF939 /* Frameworks */,
				6D7B52DA276642A3000AF939 /* Resources */,
				922F42EFACC6135575937957 /* [CP] Embed Pods Frameworks */,
			);
			buildRules = (
			);
			dependencies = (
			);
			name = BookShelf;
			productName = BookShelf;
			productReference = 6D7B52DC276642A3000AF939 /* BookShelf.app */;
			productType = "com.apple.product-type.application";
		};
/* End PBXNativeTarget section */

/* Begin PBXProject section */
		6D7B52D4276642A3000AF939 /* Project object */ = {
			isa = PBXProject;
			attributes = {
				BuildIndependentTargetsInParallel = 1;
				LastSwiftUpdateCheck = 1300;
				LastUpgradeCheck = 1300;
				TargetAttributes = {
					6D7B52DB276642A3000AF939 = {
						CreatedOnToolsVersion = 13.0;
					};
				};
			};
			buildConfigurationList = 6D7B52D7276642A3000AF939 /* Build configuration list for PBXProject "BookShelf" */;
			compatibilityVersion = "Xcode 13.0";
			developmentRegion = en;
			hasScannedForEncodings = 0;
			knownRegions = (
				en,
				Base,
			);
			mainGroup = 6D7B52D3276642A3000AF939;
			productRefGroup = 6D7B52DD276642A3000AF939 /* Products */;
			projectDirPath = "";
			projectRoot = "";
			targets = (
				6D7B52DB276642A3000AF939 /* BookShelf */,
			);
		};
/* End PBXProject section */

/* Begin PBXResourcesBuildPhase section */
		6D7B52DA276642A3000AF939 /* Resources */ = {
			isa = PBXResourcesBuildPhase;
			buildActionMask = 2147483647;
			files = (
				6D7B52EF276642AD000AF939 /* LaunchScreen.storyboard in Resources */,
				6D7B52EC276642AD000AF939 /* Assets.xcassets in Resources */,
				6D7B53092766715A000AF939 /* GoogleService-Info.plist in Resources */,
				6D7B52E7276642A3000AF939 /* Main.storyboard in Resources */,
			);
			runOnlyForDeploymentPostprocessing = 0;
		};
/* End PBXResourcesBuildPhase section */

/* Begin PBXShellScriptBuildPhase section */
		922F42EFACC6135575937957 /* [CP] Embed Pods Frameworks */ = {
			isa = PBXShellScriptBuildPhase;
			buildActionMask = 2147483647;
			files = (
			);
			inputFileListPaths = (
				"${PODS_ROOT}/Target Support Files/Pods-BookShelf/Pods-BookShelf-frameworks-${CONFIGURATION}-input-files.xcfilelist",
			);
			name = "[CP] Embed Pods Frameworks";
			outputFileListPaths = (
				"${PODS_ROOT}/Target Support Files/Pods-BookShelf/Pods-BookShelf-frameworks-${CONFIGURATION}-output-files.xcfilelist",
			);
			runOnlyForDeploymentPostprocessing = 0;
			shellPath = /bin/sh;
			shellScript = "\"${PODS_ROOT}/Target Support Files/Pods-BookShelf/Pods-BookShelf-frameworks.sh\"\n";
			showEnvVarsInLog = 0;
		};
		A8A0BDCABB9A6BD99E3657FD /* [CP] Check Pods Manifest.lock */ = {
			isa = PBXShellScriptBuildPhase;
			buildActionMask = 2147483647;
			files = (
			);
			inputFileListPaths = (
			);
			inputPaths = (
				"${PODS_PODFILE_DIR_PATH}/Podfile.lock",
				"${PODS_ROOT}/Manifest.lock",
			);
			name = "[CP] Check Pods Manifest.lock";
			outputFileListPaths = (
			);
			outputPaths = (
				"$(DERIVED_FILE_DIR)/Pods-BookShelf-checkManifestLockResult.txt",
			);
			runOnlyForDeploymentPostprocessing = 0;
			shellPath = /bin/sh;
			shellScript = "diff \"${PODS_PODFILE_DIR_PATH}/Podfile.lock\" \"${PODS_ROOT}/Manifest.lock\" > /dev/null\nif [ $? != 0 ] ; then\n    # print error to STDERR\n    echo \"error: The sandbox is not in sync with the Podfile.lock. Run 'pod install' or update your CocoaPods installation.\" >&2\n    exit 1\nfi\n# This output is used by Xcode 'outputs' to avoid re-running this script phase.\necho \"SUCCESS\" > \"${SCRIPT_OUTPUT_FILE_0}\"\n";
			showEnvVarsInLog = 0;
		};
/* End PBXShellScriptBuildPhase section */

/* Begin PBXSourcesBuildPhase section */
		6D7B52D8276642A3000AF939 /* Sources */ = {
			isa = PBXSourcesBuildPhase;
			buildActionMask = 2147483647;
			files = (
				6DA1B4C3276E19AF00F8936F /* CommentCell.swift in Sources */,
				6D4BB43E276DFEB300534E6D /* ChildernTabelVC.swift in Sources */,
				6D7B5305276662D4000AF939 /* LoginViewController.swift in Sources */,
				6D830C492767CABF0098C828 /* AddBookViewController.swift in Sources */,
				6D7A350E276916EC001521BC /* Book.swift in Sources */,
				6D7B5307276662F2000AF939 /* SignUpViewController.swift in Sources */,
				6D4BB442276DFEF500534E6D /* PolitcalTabelViewController.swift in Sources */,
				6D4BB44A276E013F00534E6D /* PublicTabelVC.swift in Sources */,
				6D4BB440276DFED700534E6D /* CookTabelViewController.swift in Sources */,
				6DA1B4C5276E568400F8936F /* Basket.swift in Sources */,
				6D4BB438276DFA1600534E6D /* CookBooksCell.swift in Sources */,
				6D4BB43A276DFA5700534E6D /* PoliticalBooksCell.swift in Sources */,
				6D7B52E0276642A3000AF939 /* AppDelegate.swift in Sources */,
				6DA1B4BF276E174100F8936F /* BasketTabelVC.swift in Sources */,
				6D4BB432276DE1C200534E6D /* HomeViewController.swift in Sources */,
				6DA1B4C1276E197800F8936F /* BookDetails.swift in Sources */,
				6D4BB436276DF9F400534E6D /* ChildrensBooksCell.swift in Sources */,
				6D7A350C27691606001521BC /* BookCell.swift in Sources */,
				6D7B52E2276642A3000AF939 /* SceneDelegate.swift in Sources */,
				6D7B530B27668322000AF939 /* User.swift in Sources */,
				6D7B530327665FB9000AF939 /* ImagePicker.swift in Sources */,
				6D7A3508276914BD001521BC /* BookTabelViewController.swift in Sources */,
				6D4BB448276DFFE600534E6D /* PublicBookCell.swift in Sources */,
				6D830C472767C0A80098C828 /* ProfileViewController.swift in Sources */,
				6D7B52EA276642A3000AF939 /* BookShelf.xcdatamodeld in Sources */,
				6DA1B4C7276E62B800F8936F /* Comment.swift in Sources */,
				6D4BB43C276DFE8400534E6D /* IslmicTabelVC.swift in Sources */,
				6DA1B4BD276E16FD00F8936F /* BasketCell.swift in Sources */,
				6D7A350A2769159C001521BC /* UpdateViewController.swift in Sources */,
				6D4BB434276DF9AF00534E6D /* IslmicBooksCell.swift in Sources */,
			);
			runOnlyForDeploymentPostprocessing = 0;
		};
/* End PBXSourcesBuildPhase section */

/* Begin PBXVariantGroup section */
		6D7B52E5276642A3000AF939 /* Main.storyboard */ = {
			isa = PBXVariantGroup;
			children = (
				6D7B52E6276642A3000AF939 /* Base */,
			);
			name = Main.storyboard;
			sourceTree = "<group>";
		};
		6D7B52ED276642AD000AF939 /* LaunchScreen.storyboard */ = {
			isa = PBXVariantGroup;
			children = (
				6D7B52EE276642AD000AF939 /* Base */,
			);
			name = LaunchScreen.storyboard;
			sourceTree = "<group>";
		};
/* End PBXVariantGroup section */

/* Begin XCBuildConfiguration section */
		6D7B52F1276642AD000AF939 /* Debug */ = {
			isa = XCBuildConfiguration;
			buildSettings = {
				ALWAYS_SEARCH_USER_PATHS = NO;
				CLANG_ANALYZER_NONNULL = YES;
				CLANG_ANALYZER_NUMBER_OBJECT_CONVERSION = YES_AGGRESSIVE;
				CLANG_CXX_LANGUAGE_STANDARD = "gnu++17";
				CLANG_CXX_LIBRARY = "libc++";
				CLANG_ENABLE_MODULES = YES;
				CLANG_ENABLE_OBJC_ARC = YES;
				CLANG_ENABLE_OBJC_WEAK = YES;
				CLANG_WARN_BLOCK_CAPTURE_AUTORELEASING = YES;
				CLANG_WARN_BOOL_CONVERSION = YES;
				CLANG_WARN_COMMA = YES;
				CLANG_WARN_CONSTANT_CONVERSION = YES;
				CLANG_WARN_DEPRECATED_OBJC_IMPLEMENTATIONS = YES;
				CLANG_WARN_DIRECT_OBJC_ISA_USAGE = YES_ERROR;
				CLANG_WARN_DOCUMENTATION_COMMENTS = YES;
				CLANG_WARN_EMPTY_BODY = YES;
				CLANG_WARN_ENUM_CONVERSION = YES;
				CLANG_WARN_INFINITE_RECURSION = YES;
				CLANG_WARN_INT_CONVERSION = YES;
				CLANG_WARN_NON_LITERAL_NULL_CONVERSION = YES;
				CLANG_WARN_OBJC_IMPLICIT_RETAIN_SELF = YES;
				CLANG_WARN_OBJC_LITERAL_CONVERSION = YES;
				CLANG_WARN_OBJC_ROOT_CLASS = YES_ERROR;
				CLANG_WARN_QUOTED_INCLUDE_IN_FRAMEWORK_HEADER = YES;
				CLANG_WARN_RANGE_LOOP_ANALYSIS = YES;
				CLANG_WARN_STRICT_PROTOTYPES = YES;
				CLANG_WARN_SUSPICIOUS_MOVE = YES;
				CLANG_WARN_UNGUARDED_AVAILABILITY = YES_AGGRESSIVE;
				CLANG_WARN_UNREACHABLE_CODE = YES;
				CLANG_WARN__DUPLICATE_METHOD_MATCH = YES;
				COPY_PHASE_STRIP = NO;
				DEBUG_INFORMATION_FORMAT = dwarf;
				ENABLE_STRICT_OBJC_MSGSEND = YES;
				ENABLE_TESTABILITY = YES;
				GCC_C_LANGUAGE_STANDARD = gnu11;
				GCC_DYNAMIC_NO_PIC = NO;
				GCC_NO_COMMON_BLOCKS = YES;
				GCC_OPTIMIZATION_LEVEL = 0;
				GCC_PREPROCESSOR_DEFINITIONS = (
					"DEBUG=1",
					"$(inherited)",
				);
				GCC_WARN_64_TO_32_BIT_CONVERSION = YES;
				GCC_WARN_ABOUT_RETURN_TYPE = YES_ERROR;
				GCC_WARN_UNDECLARED_SELECTOR = YES;
				GCC_WARN_UNINITIALIZED_AUTOS = YES_AGGRESSIVE;
				GCC_WARN_UNUSED_FUNCTION = YES;
				GCC_WARN_UNUSED_VARIABLE = YES;
				IPHONEOS_DEPLOYMENT_TARGET = 15.0;
				MTL_ENABLE_DEBUG_INFO = INCLUDE_SOURCE;
				MTL_FAST_MATH = YES;
				ONLY_ACTIVE_ARCH = YES;
				SDKROOT = iphoneos;
				SWIFT_ACTIVE_COMPILATION_CONDITIONS = DEBUG;
				SWIFT_OPTIMIZATION_LEVEL = "-Onone";
			};
			name = Debug;
		};
		6D7B52F2276642AD000AF939 /* Release */ = {
			isa = XCBuildConfiguration;
			buildSettings = {
				ALWAYS_SEARCH_USER_PATHS = NO;
				CLANG_ANALYZER_NONNULL = YES;
				CLANG_ANALYZER_NUMBER_OBJECT_CONVERSION = YES_AGGRESSIVE;
				CLANG_CXX_LANGUAGE_STANDARD = "gnu++17";
				CLANG_CXX_LIBRARY = "libc++";
				CLANG_ENABLE_MODULES = YES;
				CLANG_ENABLE_OBJC_ARC = YES;
				CLANG_ENABLE_OBJC_WEAK = YES;
				CLANG_WARN_BLOCK_CAPTURE_AUTORELEASING = YES;
				CLANG_WARN_BOOL_CONVERSION = YES;
				CLANG_WARN_COMMA = YES;
				CLANG_WARN_CONSTANT_CONVERSION = YES;
				CLANG_WARN_DEPRECATED_OBJC_IMPLEMENTATIONS = YES;
				CLANG_WARN_DIRECT_OBJC_ISA_USAGE = YES_ERROR;
				CLANG_WARN_DOCUMENTATION_COMMENTS = YES;
				CLANG_WARN_EMPTY_BODY = YES;
				CLANG_WARN_ENUM_CONVERSION = YES;
				CLANG_WARN_INFINITE_RECURSION = YES;
				CLANG_WARN_INT_CONVERSION = YES;
				CLANG_WARN_NON_LITERAL_NULL_CONVERSION = YES;
				CLANG_WARN_OBJC_IMPLICIT_RETAIN_SELF = YES;
				CLANG_WARN_OBJC_LITERAL_CONVERSION = YES;
				CLANG_WARN_OBJC_ROOT_CLASS = YES_ERROR;
				CLANG_WARN_QUOTED_INCLUDE_IN_FRAMEWORK_HEADER = YES;
				CLANG_WARN_RANGE_LOOP_ANALYSIS = YES;
				CLANG_WARN_STRICT_PROTOTYPES = YES;
				CLANG_WARN_SUSPICIOUS_MOVE = YES;
				CLANG_WARN_UNGUARDED_AVAILABILITY = YES_AGGRESSIVE;
				CLANG_WARN_UNREACHABLE_CODE = YES;
				CLANG_WARN__DUPLICATE_METHOD_MATCH = YES;
				COPY_PHASE_STRIP = NO;
				DEBUG_INFORMATION_FORMAT = "dwarf-with-dsym";
				ENABLE_NS_ASSERTIONS = NO;
				ENABLE_STRICT_OBJC_MSGSEND = YES;
				GCC_C_LANGUAGE_STANDARD = gnu11;
				GCC_NO_COMMON_BLOCKS = YES;
				GCC_WARN_64_TO_32_BIT_CONVERSION = YES;
				GCC_WARN_ABOUT_RETURN_TYPE = YES_ERROR;
				GCC_WARN_UNDECLARED_SELECTOR = YES;
				GCC_WARN_UNINITIALIZED_AUTOS = YES_AGGRESSIVE;
				GCC_WARN_UNUSED_FUNCTION = YES;
				GCC_WARN_UNUSED_VARIABLE = YES;
				IPHONEOS_DEPLOYMENT_TARGET = 15.0;
				MTL_ENABLE_DEBUG_INFO = NO;
				MTL_FAST_MATH = YES;
				SDKROOT = iphoneos;
				SWIFT_COMPILATION_MODE = wholemodule;
				SWIFT_OPTIMIZATION_LEVEL = "-O";
				VALIDATE_PRODUCT = YES;
			};
			name = Release;
		};
		6D7B52F4276642AD000AF939 /* Debug */ = {
			isa = XCBuildConfiguration;
			baseConfigurationReference = 9A4CD8C0E229C19708F91755 /* Pods-BookShelf.debug.xcconfig */;
			buildSettings = {
				ASSETCATALOG_COMPILER_APPICON_NAME = AppIcon;
				ASSETCATALOG_COMPILER_GLOBAL_ACCENT_COLOR_NAME = AccentColor;
				CODE_SIGN_STYLE = Automatic;
				CURRENT_PROJECT_VERSION = 1;
				GENERATE_INFOPLIST_FILE = YES;
				INFOPLIST_FILE = BookShelf/Info.plist;
				INFOPLIST_KEY_UIApplicationSupportsIndirectInputEvents = YES;
				INFOPLIST_KEY_UILaunchStoryboardName = LaunchScreen;
				INFOPLIST_KEY_UIMainStoryboardFile = Main;
				INFOPLIST_KEY_UISupportedInterfaceOrientations_iPad = "UIInterfaceOrientationPortrait UIInterfaceOrientationPortraitUpsideDown UIInterfaceOrientationLandscapeLeft UIInterfaceOrientationLandscapeRight";
				INFOPLIST_KEY_UISupportedInterfaceOrientations_iPhone = "UIInterfaceOrientationPortrait UIInterfaceOrientationLandscapeLeft UIInterfaceOrientationLandscapeRight";
				LD_RUNPATH_SEARCH_PATHS = (
					"$(inherited)",
					"@executable_path/Frameworks",
				);
				MARKETING_VERSION = 1.0;
				PRODUCT_BUNDLE_IDENTIFIER = com.book.book;
				PRODUCT_NAME = "$(TARGET_NAME)";
				SWIFT_EMIT_LOC_STRINGS = YES;
				SWIFT_VERSION = 5.0;
				TARGETED_DEVICE_FAMILY = "1,2";
			};
			name = Debug;
		};
		6D7B52F5276642AD000AF939 /* Release */ = {
			isa = XCBuildConfiguration;
			baseConfigurationReference = 50F497B80592EA02D73C2EBC /* Pods-BookShelf.release.xcconfig */;
			buildSettings = {
				ASSETCATALOG_COMPILER_APPICON_NAME = AppIcon;
				ASSETCATALOG_COMPILER_GLOBAL_ACCENT_COLOR_NAME = AccentColor;
				CODE_SIGN_STYLE = Automatic;
				CURRENT_PROJECT_VERSION = 1;
				GENERATE_INFOPLIST_FILE = YES;
				INFOPLIST_FILE = BookShelf/Info.plist;
				INFOPLIST_KEY_UIApplicationSupportsIndirectInputEvents = YES;
				INFOPLIST_KEY_UILaunchStoryboardName = LaunchScreen;
				INFOPLIST_KEY_UIMainStoryboardFile = Main;
				INFOPLIST_KEY_UISupportedInterfaceOrientations_iPad = "UIInterfaceOrientationPortrait UIInterfaceOrientationPortraitUpsideDown UIInterfaceOrientationLandscapeLeft UIInterfaceOrientationLandscapeRight";
				INFOPLIST_KEY_UISupportedInterfaceOrientations_iPhone = "UIInterfaceOrientationPortrait UIInterfaceOrientationLandscapeLeft UIInterfaceOrientationLandscapeRight";
				LD_RUNPATH_SEARCH_PATHS = (
					"$(inherited)",
					"@executable_path/Frameworks",
				);
				MARKETING_VERSION = 1.0;
				PRODUCT_BUNDLE_IDENTIFIER = com.book.book;
				PRODUCT_NAME = "$(TARGET_NAME)";
				SWIFT_EMIT_LOC_STRINGS = YES;
				SWIFT_VERSION = 5.0;
				TARGETED_DEVICE_FAMILY = "1,2";
			};
			name = Release;
		};
/* End XCBuildConfiguration section */

/* Begin XCConfigurationList section */
		6D7B52D7276642A3000AF939 /* Build configuration list for PBXProject "BookShelf" */ = {
			isa = XCConfigurationList;
			buildConfigurations = (
				6D7B52F1276642AD000AF939 /* Debug */,
				6D7B52F2276642AD000AF939 /* Release */,
			);
			defaultConfigurationIsVisible = 0;
			defaultConfigurationName = Release;
		};
		6D7B52F3276642AD000AF939 /* Build configuration list for PBXNativeTarget "BookShelf" */ = {
			isa = XCConfigurationList;
			buildConfigurations = (
				6D7B52F4276642AD000AF939 /* Debug */,
				6D7B52F5276642AD000AF939 /* Release */,
			);
			defaultConfigurationIsVisible = 0;
			defaultConfigurationName = Release;
		};
/* End XCConfigurationList section */

/* Begin XCVersionGroup section */
		6D7B52E8276642A3000AF939 /* BookShelf.xcdatamodeld */ = {
			isa = XCVersionGroup;
			children = (
				6D7B52E9276642A3000AF939 /* BookShelf.xcdatamodel */,
			);
			currentVersion = 6D7B52E9276642A3000AF939 /* BookShelf.xcdatamodel */;
			path = BookShelf.xcdatamodeld;
			sourceTree = "<group>";
			versionGroupType = wrapper.xcdatamodel;
		};
/* End XCVersionGroup section */
	};
	rootObject = 6D7B52D4276642A3000AF939 /* Project object */;
}
